// !$*UTF8*$!
{
	archiveVersion = 1;
	classes = {
	};
	objectVersion = 46;
	objects = {

/* Begin PBXBuildFile section */
		58BE936A1D6C580A0024D28A /* AppDelegate.swift in Sources */ = {isa = PBXBuildFile; fileRef = 58BE93691D6C580A0024D28A /* AppDelegate.swift */; };
		58BE936C1D6C580A0024D28A /* ViewController.swift in Sources */ = {isa = PBXBuildFile; fileRef = 58BE936B1D6C580A0024D28A /* ViewController.swift */; };
		58BE936F1D6C580A0024D28A /* Main.storyboard in Resources */ = {isa = PBXBuildFile; fileRef = 58BE936D1D6C580A0024D28A /* Main.storyboard */; };
		58BE93711D6C580A0024D28A /* Assets.xcassets in Resources */ = {isa = PBXBuildFile; fileRef = 58BE93701D6C580A0024D28A /* Assets.xcassets */; };
		58BE93741D6C580A0024D28A /* LaunchScreen.storyboard in Resources */ = {isa = PBXBuildFile; fileRef = 58BE93721D6C580A0024D28A /* LaunchScreen.storyboard */; };
/* End PBXBuildFile section */

/* Begin PBXFileReference section */
		58BE93661D6C580A0024D28A /* Retro Calculator.app */ = {isa = PBXFileReference; explicitFileType = wrapper.application; includeInIndex = 0; path = "Retro Calculator.app"; sourceTree = BUILT_PRODUCTS_DIR; };
		58BE93691D6C580A0024D28A /* AppDelegate.swift */ = {isa = PBXFileReference; lastKnownFileType = sourcecode.swift; path = AppDelegate.swift; sourceTree = "<group>"; };
		58BE936B1D6C580A0024D28A /* ViewController.swift */ = {isa = PBXFileReference; lastKnownFileType = sourcecode.swift; path = ViewController.swift; sourceTree = "<group>"; };
		58BE936E1D6C580A0024D28A /* Base */ = {isa = PBXFileReference; lastKnownFileType = file.storyboard; name = Base; path = Base.lproj/Main.storyboard; sourceTree = "<group>"; };
		58BE93701D6C580A0024D28A /* Assets.xcassets */ = {isa = PBXFileReference; lastKnownFileType = folder.assetcatalog; path = Assets.xcassets; sourceTree = "<group>"; };
		58BE93731D6C580A0024D28A /* Base */ = {isa = PBXFileReference; lastKnownFileType = file.storyboard; name = Base; path = Base.lproj/LaunchScreen.storyboard; sourceTree = "<group>"; };
		58BE93751D6C580A0024D28A /* Info.plist */ = {isa = PBXFileReference; lastKnownFileType = text.plist.xml; path = Info.plist; sourceTree = "<group>"; };
/* End PBXFileReference section */

/* Begin PBXFrameworksBuildPhase section */
		58BE93631D6C580A0024D28A /* Frameworks */ = {
			isa = PBXFrameworksBuildPhase;
			buildActionMask = 2147483647;
			files = (
			);
			runOnlyForDeploymentPostprocessing = 0;
		};
/* End PBXFrameworksBuildPhase section */

/* Begin PBXGroup section */
		58BE935D1D6C58090024D28A = {
			isa = PBXGroup;
			children = (
				58BE93681D6C580A0024D28A /* Retro Calculator */,
				58BE93671D6C580A0024D28A /* Products */,
			);
			sourceTree = "<group>";
		};
		58BE93671D6C580A0024D28A /* Products */ = {
			isa = PBXGroup;
			children = (
				58BE93661D6C580A0024D28A /* Retro Calculator.app */,
			);
			name = Products;
			sourceTree = "<group>";
		};
		58BE93681D6C580A0024D28A /* Retro Calculator */ = {
			isa = PBXGroup;
			children = (
				58BE93691D6C580A0024D28A /* AppDelegate.swift */,
				58BE936B1D6C580A0024D28A /* ViewController.swift */,
				58BE936D1D6C580A0024D28A /* Main.storyboard */,
				58BE93701D6C580A0024D28A /* Assets.xcassets */,
				58BE93721D6C580A0024D28A /* LaunchScreen.storyboard */,
				58BE93751D6C580A0024D28A /* Info.plist */,
			);
			path = "Retro Calculator";
			sourceTree = "<group>";
		};
/* End PBXGroup section */

/* Begin PBXNativeTarget section */
		58BE93651D6C580A0024D28A /* Retro Calculator */ = {
			isa = PBXNativeTarget;
			buildConfigurationList = 58BE93781D6C580A0024D28A /* Build configuration list for PBXNativeTarget "Retro Calculator" */;
			buildPhases = (
				58BE93621D6C580A0024D28A /* Sources */,
				58BE93631D6C580A0024D28A /* Frameworks */,
				58BE93641D6C580A0024D28A /* Resources */,
			);
			buildRules = (
			);
			dependencies = (
			);
			name = "Retro Calculator";
			productName = "Retro Calculator";
			productReference = 58BE93661D6C580A0024D28A /* Retro Calculator.app */;
			productType = "com.apple.product-type.application";
		};
/* End PBXNativeTarget section */

/* Begin PBXProject section */
		58BE935E1D6C58090024D28A /* Project object */ = {
			isa = PBXProject;
			attributes = {
				LastSwiftUpdateCheck = 0730;
				LastUpgradeCheck = 0730;
				ORGANIZATIONNAME = "Zahid Efe";
				TargetAttributes = {
					58BE93651D6C580A0024D28A = {
						CreatedOnToolsVersion = 7.3.1;
					};
				};
			};
			buildConfigurationList = 58BE93611D6C580A0024D28A /* Build configuration list for PBXProject "Retro Calculator" */;
			compatibilityVersion = "Xcode 3.2";
			developmentRegion = English;
			hasScannedForEncodings = 0;
			knownRegions = (
				en,
				Base,
			);
			mainGroup = 58BE935D1D6C58090024D28A;
			productRefGroup = 58BE93671D6C580A0024D28A /* Products */;
			projectDirPath = "";
			projectRoot = "";
			targets = (
				58BE93651D6C580A0024D28A /* Retro Calculator */,
			);
		};
/* End PBXProject section */

/* Begin PBXResourcesBuildPhase section */
		58BE93641D6C580A0024D28A /* Resources */ = {
			isa = PBXResourcesBuildPhase;
			buildActionMask = 2147483647;
			files = (
				58BE93741D6C580A0024D28A /* LaunchScreen.storyboard in Resources */,
				58BE93711D6C580A0024D28A /* Assets.xcassets in Resources */,
				58BE936F1D6C580A0024D28A /* Main.storyboard in Resources */,
			);
			runOnlyForDeploymentPostprocessing = 0;
		};
/* End PBXResourcesBuildPhase section */

/* Begin PBXSourcesBuildPhase section */
		58BE93621D6C580A0024D28A /* Sources */ = {
			isa = PBXSourcesBuildPhase;
			buildActionMask = 2147483647;
			files = (
				58BE936C1D6C580A0024D28A /* ViewController.swift in Sources */,
				58BE936A1D6C580A0024D28A /* AppDelegate.swift in Sources */,
			);
			runOnlyForDeploymentPostprocessing = 0;
		};
/* End PBXSourcesBuildPhase section */

/* Begin PBXVariantGroup section */
		58BE936D1D6C580A0024D28A /* Main.storyboard */ = {
			isa = PBXVariantGroup;
			children = (
				58BE936E1D6C580A0024D28A /* Base */,
			);
			name = Main.storyboard;
			sourceTree = "<group>";
		};
		58BE93721D6C580A0024D28A /* LaunchScreen.storyboard */ = {
			isa = PBXVariantGroup;
			children = (
				58BE93731D6C580A0024D28A /* Base */,
			);
			name = LaunchScreen.storyboard;
			sourceTree = "<group>";
		};
/* End PBXVariantGroup section */

/* Begin XCBuildConfiguration section */
		58BE93761D6C580A0024D28A /* Debug */ = {
			isa = XCBuildConfiguration;
			buildSettings = {
				ALWAYS_SEARCH_USER_PATHS = NO;
				CLANG_ANALYZER_NONNULL = YES;
				CLANG_CXX_LANGUAGE_STANDARD = "gnu++0x";
				CLANG_CXX_LIBRARY = "libc++";
				CLANG_ENABLE_MODULES = YES;
				CLANG_ENABLE_OBJC_ARC = YES;
				CLANG_WARN_BOOL_CONVERSION = YES;
				CLANG_WARN_CONSTANT_CONVERSION = YES;
				CLANG_WARN_DIRECT_OBJC_ISA_USAGE = YES_ERROR;
				CLANG_WARN_EMPTY_BODY = YES;
				CLANG_WARN_ENUM_CONVERSION = YES;
				CLANG_WARN_INT_CONVERSION = YES;
				CLANG_WARN_OBJC_ROOT_CLASS = YES_ERROR;
				CLANG_WARN_UNREACHABLE_CODE = YES;
				CLANG_WARN__DUPLICATE_METHOD_MATCH = YES;
				"CODE_SIGN_IDENTITY[sdk=iphoneos*]" = "iPhone Developer";
				COPY_PHASE_STRIP = NO;
				DEBUG_INFORMATION_FORMAT = dwarf;
				ENABLE_STRICT_OBJC_MSGSEND = YES;
				ENABLE_TESTABILITY = YES;
				GCC_C_LANGUAGE_STANDARD = gnu99;
				GCC_DYNAMIC_NO_PIC = NO;
				GCC_NO_COMMON_BLOCKS = YES;
				GCC_OPTIMIZATION_LEVEL = 0;
				GCC_PREPROCESSOR_DEFINITIONS = (
					"DEBUG=1",
					"$(inherited)",
				);
				GCC_WARN_64_TO_32_BIT_CONVERSION = YES;
				GCC_WARN_ABOUT_RETURN_TYPE = YES_ERROR;
				GCC_WARN_UNDECLARED_SELECTOR = YES;
				GCC_WARN_UNINITIALIZED_AUTOS = YES_AGGRESSIVE;
				GCC_WARN_UNUSED_FUNCTION = YES;
				GCC_WARN_UNUSED_VARIABLE = YES;
				IPHONEOS_DEPLOYMENT_TARGET = 9.3;
				MTL_ENABLE_DEBUG_INFO = YES;
				ONLY_ACTIVE_ARCH = YES;
				SDKROOT = iphoneos;
				SWIFT_OPTIMIZATION_LEVEL = "-Onone";
				TARGETED_DEVICE_FAMILY = "1,2";
			};
			name = Debug;
		};
		58BE93771D6C580A0024D28A /* Release */ = {
			isa = XCBuildConfiguration;
			buildSettings = {
				ALWAYS_SEARCH_USER_PATHS = NO;
				CLANG_ANALYZER_NONNULL = YES;
				CLANG_CXX_LANGUAGE_STANDARD = "gnu++0x";
				CLANG_CXX_LIBRARY = "libc++";
				CLANG_ENABLE_MODULES = YES;
				CLANG_ENABLE_OBJC_ARC = YES;
				CLANG_WARN_BOOL_CONVERSION = YES;
				CLANG_WARN_CONSTANT_CONVERSION = YES;
				CLANG_WARN_DIRECT_OBJC_ISA_USAGE = YES_ERROR;
				CLANG_WARN_EMPTY_BODY = YES;
				CLANG_WARN_ENUM_CONVERSION = YES;
				CLANG_WARN_INT_CONVERSION = YES;
				CLANG_WARN_OBJC_ROOT_CLASS = YES_ERROR;
				CLANG_WARN_UNREACHABLE_CODE = YES;
				CLANG_WARN__DUPLICATE_METHOD_MATCH = YES;
				"CODE_SIGN_IDENTITY[sdk=iphoneos*]" = "iPhone Developer";
				COPY_PHASE_STRIP = NO;
				DEBUG_INFORMATION_FORMAT = "dwarf-with-dsym";
				ENABLE_NS_ASSERTIONS = NO;
				ENABLE_STRICT_OBJC_MSGSEND = YES;
				GCC_C_LANGUAGE_STANDARD = gnu99;
				GCC_NO_COMMON_BLOCKS = YES;
				GCC_WARN_64_TO_32_BIT_CONVERSION = YES;
				GCC_WARN_ABOUT_RETURN_TYPE = YES_ERROR;
				GCC_WARN_UNDECLARED_SELECTOR = YES;
				GCC_WARN_UNINITIALIZED_AUTOS = YES_AGGRESSIVE;
				GCC_WARN_UNUSED_FUNCTION = YES;
				GCC_WARN_UNUSED_VARIABLE = YES;
				IPHONEOS_DEPLOYMENT_TARGET = 9.3;
				MTL_ENABLE_DEBUG_INFO = NO;
				SDKROOT = iphoneos;
				TARGETED_DEVICE_FAMILY = "1,2";
				VALIDATE_PRODUCT = YES;
			};
			name = Release;
		};
		58BE93791D6C580A0024D28A /* Debug */ = {
			isa = XCBuildConfiguration;
			buildSettings = {
				ASSETCATALOG_COMPILER_APPICON_NAME = AppIcon;
				INFOPLIST_FILE = "Retro Calculator/Info.plist";
				LD_RUNPATH_SEARCH_PATHS = "$(inherited) @executable_path/Frameworks";
				PRODUCT_BUNDLE_IDENTIFIER = "net.zahidefe.Retro-Calculator";
				PRODUCT_NAME = "$(TARGET_NAME)";
			};
			name = Debug;
		};
		58BE937A1D6C580A0024D28A /* Release */ = {
			isa = XCBuildConfiguration;
			buildSettings = {
				ASSETCATALOG_COMPILER_APPICON_NAME = AppIcon;
				INFOPLIST_FILE = "Retro Calculator/Info.plist";
				LD_RUNPATH_SEARCH_PATHS = "$(inherited) @executable_path/Frameworks";
				PRODUCT_BUNDLE_IDENTIFIER = "net.zahidefe.Retro-Calculator";
				PRODUCT_NAME = "$(TARGET_NAME)";
			};
			name = Release;
		};
/* End XCBuildConfiguration section */

/* Begin XCConfigurationList section */
		58BE93611D6C580A0024D28A /* Build configuration list for PBXProject "Retro Calculator" */ = {
			isa = XCConfigurationList;
			buildConfigurations = (
				58BE93761D6C580A0024D28A /* Debug */,
				58BE93771D6C580A0024D28A /* Release */,
			);
			defaultConfigurationIsVisible = 0;
			defaultConfigurationName = Release;
		};
		58BE93781D6C580A0024D28A /* Build configuration list for PBXNativeTarget "Retro Calculator" */ = {
			isa = XCConfigurationList;
			buildConfigurations = (
				58BE93791D6C580A0024D28A /* Debug */,
				58BE937A1D6C580A0024D28A /* Release */,
			);
			defaultConfigurationIsVisible = 0;
		};
/* End XCConfigurationList section */
	};
	rootObject = 58BE935E1D6C58090024D28A /* Project object */;
}
